// !$*UTF8*$!
{
	archiveVersion = 1;
	classes = {
	};
	objectVersion = 46;
	objects = {

/* Begin PBXBuildFile section */
		14EBC2DE1CEB95BC003465C3 /* main.swift in Sources */ = {isa = PBXBuildFile; fileRef = 14EBC2DD1CEB95BC003465C3 /* main.swift */; };
		14EBC2E71CEB9606003465C3 /* p022_names.txt in CopyFiles */ = {isa = PBXBuildFile; fileRef = 14EBC2E41CEB95D2003465C3 /* p022_names.txt */; };
/* End PBXBuildFile section */

/* Begin PBXCopyFilesBuildPhase section */
		14EBC2D81CEB95BC003465C3 /* CopyFiles */ = {
			isa = PBXCopyFilesBuildPhase;
			buildActionMask = 2147483647;
			dstPath = /usr/share/man/man1/;
			dstSubfolderSpec = 0;
			files = (
			);
			runOnlyForDeploymentPostprocessing = 1;
		};
		14EBC2E61CEB9602003465C3 /* CopyFiles */ = {
			isa = PBXCopyFilesBuildPhase;
			buildActionMask = 2147483647;
			dstPath = "";
			dstSubfolderSpec = 7;
			files = (
				14EBC2E71CEB9606003465C3 /* p022_names.txt in CopyFiles */,
			);
			runOnlyForDeploymentPostprocessing = 0;
		};
/* End PBXCopyFilesBuildPhase section */

/* Begin PBXFileReference section */
		14EBC2DA1CEB95BC003465C3 /* Problem22 */ = {isa = PBXFileReference; explicitFileType = "compiled.mach-o.executable"; includeInIndex = 0; path = Problem22; sourceTree = BUILT_PRODUCTS_DIR; };
		14EBC2DD1CEB95BC003465C3 /* main.swift */ = {isa = PBXFileReference; lastKnownFileType = sourcecode.swift; path = main.swift; sourceTree = "<group>"; };
		14EBC2E41CEB95D2003465C3 /* p022_names.txt */ = {isa = PBXFileReference; lastKnownFileType = text; path = p022_names.txt; sourceTree = "<group>"; };
/* End PBXFileReference section */

/* Begin PBXFrameworksBuildPhase section */
		14EBC2D71CEB95BC003465C3 /* Frameworks */ = {
			isa = PBXFrameworksBuildPhase;
			buildActionMask = 2147483647;
			files = (
			);
			runOnlyForDeploymentPostprocessing = 0;
		};
/* End PBXFrameworksBuildPhase section */

/* Begin PBXGroup section */
		14EBC2D11CEB95BC003465C3 = {
			isa = PBXGroup;
			children = (
				14EBC2DC1CEB95BC003465C3 /* Problem22 */,
				14EBC2DB1CEB95BC003465C3 /* Products */,
			);
			sourceTree = "<group>";
		};
		14EBC2DB1CEB95BC003465C3 /* Products */ = {
			isa = PBXGroup;
			children = (
				14EBC2DA1CEB95BC003465C3 /* Problem22 */,
			);
			name = Products;
			sourceTree = "<group>";
		};
		14EBC2DC1CEB95BC003465C3 /* Problem22 */ = {
			isa = PBXGroup;
			children = (
				14EBC2DD1CEB95BC003465C3 /* main.swift */,
				14EBC2E41CEB95D2003465C3 /* p022_names.txt */,
			);
			path = Problem22;
			sourceTree = "<group>";
		};
/* End PBXGroup section */

/* Begin PBXNativeTarget section */
		14EBC2D91CEB95BC003465C3 /* Problem22 */ = {
			isa = PBXNativeTarget;
			buildConfigurationList = 14EBC2E11CEB95BC003465C3 /* Build configuration list for PBXNativeTarget "Problem22" */;
			buildPhases = (
				14EBC2D61CEB95BC003465C3 /* Sources */,
				14EBC2D71CEB95BC003465C3 /* Frameworks */,
				14EBC2D81CEB95BC003465C3 /* CopyFiles */,
				14EBC2E61CEB9602003465C3 /* CopyFiles */,
			);
			buildRules = (
			);
			dependencies = (
			);
			name = Problem22;
			productName = Problem22;
			productReference = 14EBC2DA1CEB95BC003465C3 /* Problem22 */;
			productType = "com.apple.product-type.tool";
		};
/* End PBXNativeTarget section */

/* Begin PBXProject section */
		14EBC2D21CEB95BC003465C3 /* Project object */ = {
			isa = PBXProject;
			attributes = {
				LastSwiftUpdateCheck = 0730;
				LastUpgradeCheck = 0730;
				ORGANIZATIONNAME = Plankenhorn;
				TargetAttributes = {
					14EBC2D91CEB95BC003465C3 = {
						CreatedOnToolsVersion = 7.3;
					};
				};
			};
			buildConfigurationList = 14EBC2D51CEB95BC003465C3 /* Build configuration list for PBXProject "Problem22" */;
			compatibilityVersion = "Xcode 3.2";
			developmentRegion = English;
			hasScannedForEncodings = 0;
			knownRegions = (
				en,
			);
			mainGroup = 14EBC2D11CEB95BC003465C3;
			productRefGroup = 14EBC2DB1CEB95BC003465C3 /* Products */;
			projectDirPath = "";
			projectRoot = "";
			targets = (
				14EBC2D91CEB95BC003465C3 /* Problem22 */,
			);
		};
/* End PBXProject section */

/* Begin PBXSourcesBuildPhase section */
		14EBC2D61CEB95BC003465C3 /* Sources */ = {
			isa = PBXSourcesBuildPhase;
			buildActionMask = 2147483647;
			files = (
				14EBC2DE1CEB95BC003465C3 /* main.swift in Sources */,
			);
			runOnlyForDeploymentPostprocessing = 0;
		};
/* End PBXSourcesBuildPhase section */

/* Begin XCBuildConfiguration section */
		14EBC2DF1CEB95BC003465C3 /* Debug */ = {
			isa = XCBuildConfiguration;
			buildSettings = {
				ALWAYS_SEARCH_USER_PATHS = NO;
				CLANG_ANALYZER_NONNULL = YES;
				CLANG_CXX_LANGUAGE_STANDARD = "gnu++0x";
				CLANG_CXX_LIBRARY = "libc++";
				CLANG_ENABLE_MODULES = YES;
				CLANG_ENABLE_OBJC_ARC = YES;
				CLANG_WARN_BOOL_CONVERSION = YES;
				CLANG_WARN_CONSTANT_CONVERSION = YES;
				CLANG_WARN_DIRECT_OBJC_ISA_USAGE = YES_ERROR;
				CLANG_WARN_EMPTY_BODY = YES;
				CLANG_WARN_ENUM_CONVERSION = YES;
				CLANG_WARN_INT_CONVERSION = YES;
				CLANG_WARN_OBJC_ROOT_CLASS = YES_ERROR;
				CLANG_WARN_UNREACHABLE_CODE = YES;
				CLANG_WARN__DUPLICATE_METHOD_MATCH = YES;
				CODE_SIGN_IDENTITY = "-";
				COPY_PHASE_STRIP = NO;
				DEBUG_INFORMATION_FORMAT = dwarf;
				ENABLE_STRICT_OBJC_MSGSEND = YES;
				ENABLE_TESTABILITY = YES;
				GCC_C_LANGUAGE_STANDARD = gnu99;
				GCC_DYNAMIC_NO_PIC = NO;
				GCC_NO_COMMON_BLOCKS = YES;
				GCC_OPTIMIZATION_LEVEL = 0;
				GCC_PREPROCESSOR_DEFINITIONS = (
					"DEBUG=1",
					"$(inherited)",
				);
				GCC_WARN_64_TO_32_BIT_CONVERSION = YES;
				GCC_WARN_ABOUT_RETURN_TYPE = YES_ERROR;
				GCC_WARN_UNDECLARED_SELECTOR = YES;
				GCC_WARN_UNINITIALIZED_AUTOS = YES_AGGRESSIVE;
				GCC_WARN_UNUSED_FUNCTION = YES;
				GCC_WARN_UNUSED_VARIABLE = YES;
				MACOSX_DEPLOYMENT_TARGET = 10.11;
				MTL_ENABLE_DEBUG_INFO = YES;
				ONLY_ACTIVE_ARCH = YES;
				SDKROOT = macosx;
				SWIFT_OPTIMIZATION_LEVEL = "-Onone";
			};
			name = Debug;
		};
		14EBC2E01CEB95BC003465C3 /* Release */ = {
			isa = XCBuildConfiguration;
			buildSettings = {
				ALWAYS_SEARCH_USER_PATHS = NO;
				CLANG_ANALYZER_NONNULL = YES;
				CLANG_CXX_LANGUAGE_STANDARD = "gnu++0x";
				CLANG_CXX_LIBRARY = "libc++";
				CLANG_ENABLE_MODULES = YES;
				CLANG_ENABLE_OBJC_ARC = YES;
				CLANG_WARN_BOOL_CONVERSION = YES;
				CLANG_WARN_CONSTANT_CONVERSION = YES;
				CLANG_WARN_DIRECT_OBJC_ISA_USAGE = YES_ERROR;
				CLANG_WARN_EMPTY_BODY = YES;
				CLANG_WARN_ENUM_CONVERSION = YES;
				CLANG_WARN_INT_CONVERSION = YES;
				CLANG_WARN_OBJC_ROOT_CLASS = YES_ERROR;
				CLANG_WARN_UNREACHABLE_CODE = YES;
				CLANG_WARN__DUPLICATE_METHOD_MATCH = YES;
				CODE_SIGN_IDENTITY = "-";
				COPY_PHASE_STRIP = NO;
				DEBUG_INFORMATION_FORMAT = "dwarf-with-dsym";
				ENABLE_NS_ASSERTIONS = NO;
				ENABLE_STRICT_OBJC_MSGSEND = YES;
				GCC_C_LANGUAGE_STANDARD = gnu99;
				GCC_NO_COMMON_BLOCKS = YES;
				GCC_WARN_64_TO_32_BIT_CONVERSION = YES;
				GCC_WARN_ABOUT_RETURN_TYPE = YES_ERROR;
				GCC_WARN_UNDECLARED_SELECTOR = YES;
				GCC_WARN_UNINITIALIZED_AUTOS = YES_AGGRESSIVE;
				GCC_WARN_UNUSED_FUNCTION = YES;
				GCC_WARN_UNUSED_VARIABLE = YES;
				MACOSX_DEPLOYMENT_TARGET = 10.11;
				MTL_ENABLE_DEBUG_INFO = NO;
				SDKROOT = macosx;
			};
			name = Release;
		};
		14EBC2E21CEB95BC003465C3 /* Debug */ = {
			isa = XCBuildConfiguration;
			buildSettings = {
				PRODUCT_NAME = "$(TARGET_NAME)";
			};
			name = Debug;
		};
		14EBC2E31CEB95BC003465C3 /* Release */ = {
			isa = XCBuildConfiguration;
			buildSettings = {
				PRODUCT_NAME = "$(TARGET_NAME)";
			};
			name = Release;
		};
/* End XCBuildConfiguration section */

/* Begin XCConfigurationList section */
		14EBC2D51CEB95BC003465C3 /* Build configuration list for PBXProject "Problem22" */ = {
			isa = XCConfigurationList;
			buildConfigurations = (
				14EBC2DF1CEB95BC003465C3 /* Debug */,
				14EBC2E01CEB95BC003465C3 /* Release */,
			);
			defaultConfigurationIsVisible = 0;
			defaultConfigurationName = Release;
		};
		14EBC2E11CEB95BC003465C3 /* Build configuration list for PBXNativeTarget "Problem22" */ = {
			isa = XCConfigurationList;
			buildConfigurations = (
				14EBC2E21CEB95BC003465C3 /* Debug */,
				14EBC2E31CEB95BC003465C3 /* Release */,
			);
			defaultConfigurationIsVisible = 0;
		};
/* End XCConfigurationList section */
	};
	rootObject = 14EBC2D21CEB95BC003465C3 /* Project object */;
}
